// !$*UTF8*$!
{
	archiveVersion = 1;
	classes = {
	};
	objectVersion = 77;
	objects = {

/* Begin PBXBuildFile section */
		0133261B4DECAFBC8F01E727 /* EmergencyAssistant.swift in Sources */ = {isa = PBXBuildFile; fileRef = 2C26432060C8251F9C7B203A /* EmergencyAssistant.swift */; };
		132D6E00FECF27416D5554F4 /* DropDetector.swift in Sources */ = {isa = PBXBuildFile; fileRef = 65239848536DBC8C7AAD0174 /* DropDetector.swift */; };
		1E979F7281AB2BD59080A6EC /* HapticEngine.swift in Sources */ = {isa = PBXBuildFile; fileRef = D2CD596D90BF787D0BAFB739 /* HapticEngine.swift */; };
		221FAA9EC77DD4DCEA8B50DC /* Obstacle.swift in Sources */ = {isa = PBXBuildFile; fileRef = 1BC8B8DA4AF64472727966CA /* Obstacle.swift */; };
		47108EA55630003F58DF5FFE /* DebugOverlayView.swift in Sources */ = {isa = PBXBuildFile; fileRef = E82B5A16903BB25C74710FC3 /* DebugOverlayView.swift */; };
		4DC041F2332FEBB70EA00348 /* PermissionView.swift in Sources */ = {isa = PBXBuildFile; fileRef = 35F919C09B94809F217EF8B8 /* PermissionView.swift */; };
		514BEC41F16D41EF5F41422E /* FeedbackManager.swift in Sources */ = {isa = PBXBuildFile; fileRef = D89455DECCB3CDAB4E15ACC1 /* FeedbackManager.swift */; };
		768ACB55736D0133D07E61B2 /* MainView.swift in Sources */ = {isa = PBXBuildFile; fileRef = 7B598B9731ABECAFB0EE3FD0 /* MainView.swift */; };
		7D22A09E1C856174158B1079 /* GuiderApp.swift in Sources */ = {isa = PBXBuildFile; fileRef = 4C51BD67C5010F7E53946697 /* GuiderApp.swift */; };
		A4DB8BFE8BDE1637241BE4D9 /* ObstacleDetector.swift in Sources */ = {isa = PBXBuildFile; fileRef = F2BC1EAB96D9D0BA291BB102 /* ObstacleDetector.swift */; };
		A95B2F06BB2AE540DE60B0CB /* VoiceAnnouncer.swift in Sources */ = {isa = PBXBuildFile; fileRef = DF3E5C65E9D30C4FEDB3C4C0 /* VoiceAnnouncer.swift */; };
		A9F5252CF500ABA62DD4BCB3 /* DepthProcessor.swift in Sources */ = {isa = PBXBuildFile; fileRef = 3BFC09E37ADC32D1745816CD /* DepthProcessor.swift */; };
		D8A1D90E7D6B7DA6DE5DF79D /* SettingsView.swift in Sources */ = {isa = PBXBuildFile; fileRef = 86EB89ED4A238F571F697C7F /* SettingsView.swift */; };
		DCB2CEA53C41E4336A42D3F8 /* AppState.swift in Sources */ = {isa = PBXBuildFile; fileRef = 13CE7D95B39FE206A6B3C516 /* AppState.swift */; };
		E33801EDEEBB0AFA3E48A490 /* SpatialAudioEngine.swift in Sources */ = {isa = PBXBuildFile; fileRef = 4A54DDC47B79A52071B4080A /* SpatialAudioEngine.swift */; };
		E8C896BC811DB16BB2F756E6 /* LiDARSessionManager.swift in Sources */ = {isa = PBXBuildFile; fileRef = CEDDFAB65730FDFD09FF79D1 /* LiDARSessionManager.swift */; };
		F72BCF8CE79B7810E6B04A4E /* AppIntents.swift in Sources */ = {isa = PBXBuildFile; fileRef = 39D4B675ED1CB0908397AC51 /* AppIntents.swift */; };
		FB443EBCB771C9E950F6222D /* MobileNetV2FP16.mlmodel in Sources */ = {isa = PBXBuildFile; fileRef = C135889A23F340F0AA735936 /* MobileNetV2FP16.mlmodel */; };
		FB6A4A336F646C07F5BE41CB /* ObjectRecognizer.swift in Sources */ = {isa = PBXBuildFile; fileRef = 9F60EE548264A310A7197EF9 /* ObjectRecognizer.swift */; };
		FD67AC3B91A1EE7B26A17FA6 /* DistanceZone.swift in Sources */ = {isa = PBXBuildFile; fileRef = 68F2492C128D8EC829A0BD8F /* DistanceZone.swift */; };
		AA1B2C3D4E5F60718293A4B5 /* FeedbackProfile.swift in Sources */ = {isa = PBXBuildFile; fileRef = BB2C3D4E5F60718293A4B5C6 /* FeedbackProfile.swift */; };
		CC3D4E5F60718293A4B5C6D7 /* StairDetector.swift in Sources */ = {isa = PBXBuildFile; fileRef = DD4E5F60718293A4B5C6D7E8 /* StairDetector.swift */; };
		EE5F60718293A4B5C6D7E8F9 /* MotionClassifier.swift in Sources */ = {isa = PBXBuildFile; fileRef = FF60718293A4B5C6D7E8F901 /* MotionClassifier.swift */; };
		A1B2C3D4E5F607182930A4B5 /* OnboardingView.swift in Sources */ = {isa = PBXBuildFile; fileRef = B2C3D4E5F607182930A4B5C6 /* OnboardingView.swift */; };
/* End PBXBuildFile section */

/* Begin PBXFileReference section */
		0F13385639E12F7529B528E1 /* Info.plist */ = {isa = PBXFileReference; lastKnownFileType = text.plist; path = Info.plist; sourceTree = "<group>"; };
		13CE7D95B39FE206A6B3C516 /* AppState.swift */ = {isa = PBXFileReference; lastKnownFileType = sourcecode.swift; path = AppState.swift; sourceTree = "<group>"; };
		1BC8B8DA4AF64472727966CA /* Obstacle.swift */ = {isa = PBXFileReference; lastKnownFileType = sourcecode.swift; path = Obstacle.swift; sourceTree = "<group>"; };
		2C26432060C8251F9C7B203A /* EmergencyAssistant.swift */ = {isa = PBXFileReference; lastKnownFileType = sourcecode.swift; path = EmergencyAssistant.swift; sourceTree = "<group>"; };
		35F919C09B94809F217EF8B8 /* PermissionView.swift */ = {isa = PBXFileReference; lastKnownFileType = sourcecode.swift; path = PermissionView.swift; sourceTree = "<group>"; };
		39D4B675ED1CB0908397AC51 /* AppIntents.swift */ = {isa = PBXFileReference; lastKnownFileType = sourcecode.swift; path = AppIntents.swift; sourceTree = "<group>"; };
		3BFC09E37ADC32D1745816CD /* DepthProcessor.swift */ = {isa = PBXFileReference; lastKnownFileType = sourcecode.swift; path = DepthProcessor.swift; sourceTree = "<group>"; };
		4A54DDC47B79A52071B4080A /* SpatialAudioEngine.swift */ = {isa = PBXFileReference; lastKnownFileType = sourcecode.swift; path = SpatialAudioEngine.swift; sourceTree = "<group>"; };
		4C51BD67C5010F7E53946697 /* GuiderApp.swift */ = {isa = PBXFileReference; lastKnownFileType = sourcecode.swift; path = GuiderApp.swift; sourceTree = "<group>"; };
		65239848536DBC8C7AAD0174 /* DropDetector.swift */ = {isa = PBXFileReference; lastKnownFileType = sourcecode.swift; path = DropDetector.swift; sourceTree = "<group>"; };
		68F2492C128D8EC829A0BD8F /* DistanceZone.swift */ = {isa = PBXFileReference; lastKnownFileType = sourcecode.swift; path = DistanceZone.swift; sourceTree = "<group>"; };
		7B598B9731ABECAFB0EE3FD0 /* MainView.swift */ = {isa = PBXFileReference; lastKnownFileType = sourcecode.swift; path = MainView.swift; sourceTree = "<group>"; };
		86EB89ED4A238F571F697C7F /* SettingsView.swift */ = {isa = PBXFileReference; lastKnownFileType = sourcecode.swift; path = SettingsView.swift; sourceTree = "<group>"; };
		9F60EE548264A310A7197EF9 /* ObjectRecognizer.swift */ = {isa = PBXFileReference; lastKnownFileType = sourcecode.swift; path = ObjectRecognizer.swift; sourceTree = "<group>"; };
		C135889A23F340F0AA735936 /* MobileNetV2FP16.mlmodel */ = {isa = PBXFileReference; lastKnownFileType = file.mlmodel; path = MobileNetV2FP16.mlmodel; sourceTree = "<group>"; };
		CCF056B5AF05375E81C7048A /* Guider.app */ = {isa = PBXFileReference; explicitFileType = wrapper.application; includeInIndex = 0; path = Guider.app; sourceTree = BUILT_PRODUCTS_DIR; };
		CEDDFAB65730FDFD09FF79D1 /* LiDARSessionManager.swift */ = {isa = PBXFileReference; lastKnownFileType = sourcecode.swift; path = LiDARSessionManager.swift; sourceTree = "<group>"; };
		D2CD596D90BF787D0BAFB739 /* HapticEngine.swift */ = {isa = PBXFileReference; lastKnownFileType = sourcecode.swift; path = HapticEngine.swift; sourceTree = "<group>"; };
		D89455DECCB3CDAB4E15ACC1 /* FeedbackManager.swift */ = {isa = PBXFileReference; lastKnownFileType = sourcecode.swift; path = FeedbackManager.swift; sourceTree = "<group>"; };
		DF3E5C65E9D30C4FEDB3C4C0 /* VoiceAnnouncer.swift */ = {isa = PBXFileReference; lastKnownFileType = sourcecode.swift; path = VoiceAnnouncer.swift; sourceTree = "<group>"; };
		E82B5A16903BB25C74710FC3 /* DebugOverlayView.swift */ = {isa = PBXFileReference; lastKnownFileType = sourcecode.swift; path = DebugOverlayView.swift; sourceTree = "<group>"; };
		F2BC1EAB96D9D0BA291BB102 /* ObstacleDetector.swift */ = {isa = PBXFileReference; lastKnownFileType = sourcecode.swift; path = ObstacleDetector.swift; sourceTree = "<group>"; };
		BB2C3D4E5F60718293A4B5C6 /* FeedbackProfile.swift */ = {isa = PBXFileReference; lastKnownFileType = sourcecode.swift; path = FeedbackProfile.swift; sourceTree = "<group>"; };
		DD4E5F60718293A4B5C6D7E8 /* StairDetector.swift */ = {isa = PBXFileReference; lastKnownFileType = sourcecode.swift; path = StairDetector.swift; sourceTree = "<group>"; };
		FF60718293A4B5C6D7E8F901 /* MotionClassifier.swift */ = {isa = PBXFileReference; lastKnownFileType = sourcecode.swift; path = MotionClassifier.swift; sourceTree = "<group>"; };
		B2C3D4E5F607182930A4B5C6 /* OnboardingView.swift */ = {isa = PBXFileReference; lastKnownFileType = sourcecode.swift; path = OnboardingView.swift; sourceTree = "<group>"; };
/* End PBXFileReference section */

/* Begin PBXGroup section */
		3C586B38005E698F2E0684B8 /* Core */ = {
			isa = PBXGroup;
			children = (
				3BFC09E37ADC32D1745816CD /* DepthProcessor.swift */,
				65239848536DBC8C7AAD0174 /* DropDetector.swift */,
				2C26432060C8251F9C7B203A /* EmergencyAssistant.swift */,
				CEDDFAB65730FDFD09FF79D1 /* LiDARSessionManager.swift */,
				FF60718293A4B5C6D7E8F901 /* MotionClassifier.swift */,
				9F60EE548264A310A7197EF9 /* ObjectRecognizer.swift */,
				F2BC1EAB96D9D0BA291BB102 /* ObstacleDetector.swift */,
				DD4E5F60718293A4B5C6D7E8 /* StairDetector.swift */,
			);
			path = Core;
			sourceTree = "<group>";
		};
		4210D56BC47EC40DF0D22749 /* Resources */ = {
			isa = PBXGroup;
			children = (
				C135889A23F340F0AA735936 /* MobileNetV2FP16.mlmodel */,
			);
			path = Resources;
			sourceTree = "<group>";
		};
		53BC2B8EA44722C1DDC91759 /* Guider */ = {
			isa = PBXGroup;
			children = (
				0F13385639E12F7529B528E1 /* Info.plist */,
				99A2F4555BAF05472EE863C1 /* App */,
				3C586B38005E698F2E0684B8 /* Core */,
				F2D86BBA977C72E3F7BB211A /* Feedback */,
				B914F8CAB5A1E7233F936D02 /* Models */,
				4210D56BC47EC40DF0D22749 /* Resources */,
				80C0AD6DA3C5385E54ABFC21 /* UI */,
			);
			path = Guider;
			sourceTree = "<group>";
		};
		80C0AD6DA3C5385E54ABFC21 /* UI */ = {
			isa = PBXGroup;
			children = (
				E82B5A16903BB25C74710FC3 /* DebugOverlayView.swift */,
				7B598B9731ABECAFB0EE3FD0 /* MainView.swift */,
				B2C3D4E5F607182930A4B5C6 /* OnboardingView.swift */,
				35F919C09B94809F217EF8B8 /* PermissionView.swift */,
				86EB89ED4A238F571F697C7F /* SettingsView.swift */,
			);
			path = UI;
			sourceTree = "<group>";
		};
		8205091C5F3836D3E2882D48 /* Products */ = {
			isa = PBXGroup;
			children = (
				CCF056B5AF05375E81C7048A /* Guider.app */,
			);
			name = Products;
			sourceTree = "<group>";
		};
		99A2F4555BAF05472EE863C1 /* App */ = {
			isa = PBXGroup;
			children = (
				39D4B675ED1CB0908397AC51 /* AppIntents.swift */,
				13CE7D95B39FE206A6B3C516 /* AppState.swift */,
				4C51BD67C5010F7E53946697 /* GuiderApp.swift */,
			);
			path = App;
			sourceTree = "<group>";
		};
		B168DDA497970C1C574D7BA4 = {
			isa = PBXGroup;
			children = (
				53BC2B8EA44722C1DDC91759 /* Guider */,
				8205091C5F3836D3E2882D48 /* Products */,
			);
			sourceTree = "<group>";
		};
		B914F8CAB5A1E7233F936D02 /* Models */ = {
			isa = PBXGroup;
			children = (
				68F2492C128D8EC829A0BD8F /* DistanceZone.swift */,
				BB2C3D4E5F60718293A4B5C6 /* FeedbackProfile.swift */,
				1BC8B8DA4AF64472727966CA /* Obstacle.swift */,
			);
			path = Models;
			sourceTree = "<group>";
		};
		F2D86BBA977C72E3F7BB211A /* Feedback */ = {
			isa = PBXGroup;
			children = (
				D89455DECCB3CDAB4E15ACC1 /* FeedbackManager.swift */,
				D2CD596D90BF787D0BAFB739 /* HapticEngine.swift */,
				4A54DDC47B79A52071B4080A /* SpatialAudioEngine.swift */,
				DF3E5C65E9D30C4FEDB3C4C0 /* VoiceAnnouncer.swift */,
			);
			path = Feedback;
			sourceTree = "<group>";
		};
/* End PBXGroup section */

/* Begin PBXNativeTarget section */
		025AAD2E0E38F40C253E350C /* Guider */ = {
			isa = PBXNativeTarget;
			buildConfigurationList = 34C43DE0EDA2183D91AAF6DA /* Build configuration list for PBXNativeTarget "Guider" */;
			buildPhases = (
				A5547BF877E4080FEF524422 /* Sources */,
			);
			buildRules = (
			);
			dependencies = (
			);
			name = Guider;
			packageProductDependencies = (
			);
			productName = Guider;
			productReference = CCF056B5AF05375E81C7048A /* Guider.app */;
			productType = "com.apple.product-type.application";
		};
/* End PBXNativeTarget section */

/* Begin PBXProject section */
		D87A5538BD91CC5EC1EFFA21 /* Project object */ = {
			isa = PBXProject;
			attributes = {
				BuildIndependentTargetsInParallel = YES;
				LastUpgradeCheck = 1500;
			};
			buildConfigurationList = BC11B314AC1B3845F2B09BB1 /* Build configuration list for PBXProject "Guider" */;
			developmentRegion = en;
			hasScannedForEncodings = 0;
			knownRegions = (
				Base,
				en,
			);
			mainGroup = B168DDA497970C1C574D7BA4;
			minimizedProjectReferenceProxies = 1;
			preferredProjectObjectVersion = 77;
			productRefGroup = 8205091C5F3836D3E2882D48 /* Products */;
			projectDirPath = "";
			projectRoot = "";
			targets = (
				025AAD2E0E38F40C253E350C /* Guider */,
			);
		};
/* End PBXProject section */

/* Begin PBXSourcesBuildPhase section */
		A5547BF877E4080FEF524422 /* Sources */ = {
			isa = PBXSourcesBuildPhase;
			buildActionMask = 2147483647;
			files = (
				F72BCF8CE79B7810E6B04A4E /* AppIntents.swift in Sources */,
				DCB2CEA53C41E4336A42D3F8 /* AppState.swift in Sources */,
				47108EA55630003F58DF5FFE /* DebugOverlayView.swift in Sources */,
				A9F5252CF500ABA62DD4BCB3 /* DepthProcessor.swift in Sources */,
				FD67AC3B91A1EE7B26A17FA6 /* DistanceZone.swift in Sources */,
				132D6E00FECF27416D5554F4 /* DropDetector.swift in Sources */,
				0133261B4DECAFBC8F01E727 /* EmergencyAssistant.swift in Sources */,
				514BEC41F16D41EF5F41422E /* FeedbackManager.swift in Sources */,
				7D22A09E1C856174158B1079 /* GuiderApp.swift in Sources */,
				1E979F7281AB2BD59080A6EC /* HapticEngine.swift in Sources */,
				E8C896BC811DB16BB2F756E6 /* LiDARSessionManager.swift in Sources */,
				768ACB55736D0133D07E61B2 /* MainView.swift in Sources */,
				FB443EBCB771C9E950F6222D /* MobileNetV2FP16.mlmodel in Sources */,
				FB6A4A336F646C07F5BE41CB /* ObjectRecognizer.swift in Sources */,
				221FAA9EC77DD4DCEA8B50DC /* Obstacle.swift in Sources */,
				A4DB8BFE8BDE1637241BE4D9 /* ObstacleDetector.swift in Sources */,
				4DC041F2332FEBB70EA00348 /* PermissionView.swift in Sources */,
				D8A1D90E7D6B7DA6DE5DF79D /* SettingsView.swift in Sources */,
				E33801EDEEBB0AFA3E48A490 /* SpatialAudioEngine.swift in Sources */,
				AA1B2C3D4E5F60718293A4B5 /* FeedbackProfile.swift in Sources */,
				CC3D4E5F60718293A4B5C6D7 /* StairDetector.swift in Sources */,
				EE5F60718293A4B5C6D7E8F9 /* MotionClassifier.swift in Sources */,
				A1B2C3D4E5F607182930A4B5 /* OnboardingView.swift in Sources */,
				A95B2F06BB2AE540DE60B0CB /* VoiceAnnouncer.swift in Sources */,
			);
			runOnlyForDeploymentPostprocessing = 0;
		};
/* End PBXSourcesBuildPhase section */

/* Begin XCBuildConfiguration section */
		112E8681F4E8ED7B2C18A9BB /* Debug */ = {
			isa = XCBuildConfiguration;
			buildSettings = {
				ASSETCATALOG_COMPILER_APPICON_NAME = AppIcon;
				CODE_SIGN_IDENTITY = "iPhone Developer";
				DEVELOPMENT_TEAM = P2RPG4FC97;
				INFOPLIST_FILE = Guider/Info.plist;
				LD_RUNPATH_SEARCH_PATHS = (
					"$(inherited)",
					"@executable_path/Frameworks",
				);
				PRODUCT_BUNDLE_IDENTIFIER = com.willyshao.guider;
				SDKROOT = iphoneos;
				SWIFT_VERSION = 5.9;
				TARGETED_DEVICE_FAMILY = 1;
			};
			name = Debug;
		};
		52B25E7A39812CB068FC9DCC /* Debug */ = {
			isa = XCBuildConfiguration;
			buildSettings = {
				ALWAYS_SEARCH_USER_PATHS = NO;
				CLANG_ANALYZER_NONNULL = YES;
				CLANG_ANALYZER_NUMBER_OBJECT_CONVERSION = YES_AGGRESSIVE;
				CLANG_CXX_LANGUAGE_STANDARD = "gnu++14";
				CLANG_CXX_LIBRARY = "libc++";
				CLANG_ENABLE_MODULES = YES;
				CLANG_ENABLE_OBJC_ARC = YES;
				CLANG_ENABLE_OBJC_WEAK = YES;
				CLANG_WARN_BLOCK_CAPTURE_AUTORELEASING = YES;
				CLANG_WARN_BOOL_CONVERSION = YES;
				CLANG_WARN_COMMA = YES;
				CLANG_WARN_CONSTANT_CONVERSION = YES;
				CLANG_WARN_DEPRECATED_OBJC_IMPLEMENTATIONS = YES;
				CLANG_WARN_DIRECT_OBJC_ISA_USAGE = YES_ERROR;
				CLANG_WARN_DOCUMENTATION_COMMENTS = YES;
				CLANG_WARN_EMPTY_BODY = YES;
				CLANG_WARN_ENUM_CONVERSION = YES;
				CLANG_WARN_INFINITE_RECURSION = YES;
				CLANG_WARN_INT_CONVERSION = YES;
				CLANG_WARN_NON_LITERAL_NULL_CONVERSION = YES;
				CLANG_WARN_OBJC_IMPLICIT_RETAIN_SELF = YES;
				CLANG_WARN_OBJC_LITERAL_CONVERSION = YES;
				CLANG_WARN_OBJC_ROOT_CLASS = YES_ERROR;
				CLANG_WARN_QUOTED_INCLUDE_IN_FRAMEWORK_HEADER = YES;
				CLANG_WARN_RANGE_LOOP_ANALYSIS = YES;
				CLANG_WARN_STRICT_PROTOTYPES = YES;
				CLANG_WARN_SUSPICIOUS_MOVE = YES;
				CLANG_WARN_UNGUARDED_AVAILABILITY = YES_AGGRESSIVE;
				CLANG_WARN_UNREACHABLE_CODE = YES;
				CLANG_WARN__DUPLICATE_METHOD_MATCH = YES;
				COPY_PHASE_STRIP = NO;
				DEBUG_INFORMATION_FORMAT = dwarf;
				ENABLE_STRICT_OBJC_MSGSEND = YES;
				ENABLE_TESTABILITY = YES;
				GCC_C_LANGUAGE_STANDARD = gnu11;
				GCC_DYNAMIC_NO_PIC = NO;
				GCC_NO_COMMON_BLOCKS = YES;
				GCC_OPTIMIZATION_LEVEL = 0;
				GCC_PREPROCESSOR_DEFINITIONS = (
					"$(inherited)",
					"DEBUG=1",
				);
				GCC_WARN_64_TO_32_BIT_CONVERSION = YES;
				GCC_WARN_ABOUT_RETURN_TYPE = YES_ERROR;
				GCC_WARN_UNDECLARED_SELECTOR = YES;
				GCC_WARN_UNINITIALIZED_AUTOS = YES_AGGRESSIVE;
				GCC_WARN_UNUSED_FUNCTION = YES;
				GCC_WARN_UNUSED_VARIABLE = YES;
				IPHONEOS_DEPLOYMENT_TARGET = 17.0;
				MTL_ENABLE_DEBUG_INFO = INCLUDE_SOURCE;
				MTL_FAST_MATH = YES;
				ONLY_ACTIVE_ARCH = YES;
				PRODUCT_NAME = "$(TARGET_NAME)";
				SDKROOT = iphoneos;
				SWIFT_ACTIVE_COMPILATION_CONDITIONS = DEBUG;
				SWIFT_OPTIMIZATION_LEVEL = "-Onone";
				SWIFT_VERSION = 5.0;
			};
			name = Debug;
		};
		A7FA48EBBC6D99602A69F2A2 /* Release */ = {
			isa = XCBuildConfiguration;
			buildSettings = {
				ASSETCATALOG_COMPILER_APPICON_NAME = AppIcon;
				CODE_SIGN_IDENTITY = "iPhone Developer";
				DEVELOPMENT_TEAM = P2RPG4FC97;
				INFOPLIST_FILE = Guider/Info.plist;
				LD_RUNPATH_SEARCH_PATHS = (
					"$(inherited)",
					"@executable_path/Frameworks",
				);
				PRODUCT_BUNDLE_IDENTIFIER = com.willyshao.guider;
				SDKROOT = iphoneos;
				SWIFT_VERSION = 5.9;
				TARGETED_DEVICE_FAMILY = 1;
			};
			name = Release;
		};
		D68A704C899CBE28D8C249B5 /* Release */ = {
			isa = XCBuildConfiguration;
			buildSettings = {
				ALWAYS_SEARCH_USER_PATHS = NO;
				CLANG_ANALYZER_NONNULL = YES;
				CLANG_ANALYZER_NUMBER_OBJECT_CONVERSION = YES_AGGRESSIVE;
				CLANG_CXX_LANGUAGE_STANDARD = "gnu++14";
				CLANG_CXX_LIBRARY = "libc++";
				CLANG_ENABLE_MODULES = YES;
				CLANG_ENABLE_OBJC_ARC = YES;
				CLANG_ENABLE_OBJC_WEAK = YES;
				CLANG_WARN_BLOCK_CAPTURE_AUTORELEASING = YES;
				CLANG_WARN_BOOL_CONVERSION = YES;
				CLANG_WARN_COMMA = YES;
				CLANG_WARN_CONSTANT_CONVERSION = YES;
				CLANG_WARN_DEPRECATED_OBJC_IMPLEMENTATIONS = YES;
				CLANG_WARN_DIRECT_OBJC_ISA_USAGE = YES_ERROR;
				CLANG_WARN_DOCUMENTATION_COMMENTS = YES;
				CLANG_WARN_EMPTY_BODY = YES;
				CLANG_WARN_ENUM_CONVERSION = YES;
				CLANG_WARN_INFINITE_RECURSION = YES;
				CLANG_WARN_INT_CONVERSION = YES;
				CLANG_WARN_NON_LITERAL_NULL_CONVERSION = YES;
				CLANG_WARN_OBJC_IMPLICIT_RETAIN_SELF = YES;
				CLANG_WARN_OBJC_LITERAL_CONVERSION = YES;
				CLANG_WARN_OBJC_ROOT_CLASS = YES_ERROR;
				CLANG_WARN_QUOTED_INCLUDE_IN_FRAMEWORK_HEADER = YES;
				CLANG_WARN_RANGE_LOOP_ANALYSIS = YES;
				CLANG_WARN_STRICT_PROTOTYPES = YES;
				CLANG_WARN_SUSPICIOUS_MOVE = YES;
				CLANG_WARN_UNGUARDED_AVAILABILITY = YES_AGGRESSIVE;
				CLANG_WARN_UNREACHABLE_CODE = YES;
				CLANG_WARN__DUPLICATE_METHOD_MATCH = YES;
				COPY_PHASE_STRIP = NO;
				DEBUG_INFORMATION_FORMAT = "dwarf-with-dsym";
				ENABLE_NS_ASSERTIONS = NO;
				ENABLE_STRICT_OBJC_MSGSEND = YES;
				GCC_C_LANGUAGE_STANDARD = gnu11;
				GCC_NO_COMMON_BLOCKS = YES;
				GCC_WARN_64_TO_32_BIT_CONVERSION = YES;
				GCC_WARN_ABOUT_RETURN_TYPE = YES_ERROR;
				GCC_WARN_UNDECLARED_SELECTOR = YES;
				GCC_WARN_UNINITIALIZED_AUTOS = YES_AGGRESSIVE;
				GCC_WARN_UNUSED_FUNCTION = YES;
				GCC_WARN_UNUSED_VARIABLE = YES;
				IPHONEOS_DEPLOYMENT_TARGET = 17.0;
				MTL_ENABLE_DEBUG_INFO = NO;
				MTL_FAST_MATH = YES;
				PRODUCT_NAME = "$(TARGET_NAME)";
				SDKROOT = iphoneos;
				SWIFT_COMPILATION_MODE = wholemodule;
				SWIFT_OPTIMIZATION_LEVEL = "-O";
				SWIFT_VERSION = 5.0;
			};
			name = Release;
		};
/* End XCBuildConfiguration section */

/* Begin XCConfigurationList section */
		34C43DE0EDA2183D91AAF6DA /* Build configuration list for PBXNativeTarget "Guider" */ = {
			isa = XCConfigurationList;
			buildConfigurations = (
				112E8681F4E8ED7B2C18A9BB /* Debug */,
				A7FA48EBBC6D99602A69F2A2 /* Release */,
			);
			defaultConfigurationIsVisible = 0;
			defaultConfigurationName = Debug;
		};
		BC11B314AC1B3845F2B09BB1 /* Build configuration list for PBXProject "Guider" */ = {
			isa = XCConfigurationList;
			buildConfigurations = (
				52B25E7A39812CB068FC9DCC /* Debug */,
				D68A704C899CBE28D8C249B5 /* Release */,
			);
			defaultConfigurationIsVisible = 0;
			defaultConfigurationName = Debug;
		};
/* End XCConfigurationList section */
	};
	rootObject = D87A5538BD91CC5EC1EFFA21 /* Project object */;
}
